// !$*UTF8*$!
{
	archiveVersion = 1;
	classes = {
	};
	objectVersion = 56;
	objects = {

/* Begin PBXBuildFile section */
		D49AEB922C21658D00018036 /* AppDelegate.swift in Sources */ = {isa = PBXBuildFile; fileRef = D49AEB912C21658D00018036 /* AppDelegate.swift */; };
		D49AEB942C21658D00018036 /* SceneDelegate.swift in Sources */ = {isa = PBXBuildFile; fileRef = D49AEB932C21658D00018036 /* SceneDelegate.swift */; };
		D49AEB962C21658D00018036 /* BrowserViewController.swift in Sources */ = {isa = PBXBuildFile; fileRef = D49AEB952C21658D00018036 /* BrowserViewController.swift */; };
		D49AEB992C21658D00018036 /* Base in Resources */ = {isa = PBXBuildFile; fileRef = D49AEB982C21658D00018036 /* Base */; };
		D49AEB9B2C21658F00018036 /* Assets.xcassets in Resources */ = {isa = PBXBuildFile; fileRef = D49AEB9A2C21658F00018036 /* Assets.xcassets */; };
		D49AEB9E2C21658F00018036 /* Base in Resources */ = {isa = PBXBuildFile; fileRef = D49AEB9D2C21658F00018036 /* Base */; };
		D49AEBA72C23B71800018036 /* MoyaProvider.swift in Sources */ = {isa = PBXBuildFile; fileRef = D49AEBA62C23B71800018036 /* MoyaProvider.swift */; };
		D49AEBAB2C23B82000018036 /* CombineMoya in Frameworks */ = {isa = PBXBuildFile; productRef = D49AEBAA2C23B82000018036 /* CombineMoya */; };
		D49AEBAD2C23B82000018036 /* Moya in Frameworks */ = {isa = PBXBuildFile; productRef = D49AEBAC2C23B82000018036 /* Moya */; };
		D49AEBAF2C23B82000018036 /* ReactiveMoya in Frameworks */ = {isa = PBXBuildFile; productRef = D49AEBAE2C23B82000018036 /* ReactiveMoya */; };
		D49AEBB12C23B82000018036 /* RxMoya in Frameworks */ = {isa = PBXBuildFile; productRef = D49AEBB02C23B82000018036 /* RxMoya */; };
		D49AEBB32C23B90B00018036 /* NetworkLoggerPlugin.swift in Sources */ = {isa = PBXBuildFile; fileRef = D49AEBB22C23B90B00018036 /* NetworkLoggerPlugin.swift */; };
		D49AEBB52C23C9BC00018036 /* FLOAPI.swift in Sources */ = {isa = PBXBuildFile; fileRef = D49AEBB42C23C9BC00018036 /* FLOAPI.swift */; };
		D49AEBB72C23CE1B00018036 /* FLOError.swift in Sources */ = {isa = PBXBuildFile; fileRef = D49AEBB62C23CE1B00018036 /* FLOError.swift */; };
		D49AEBBB2C23E13500018036 /* BrowserModel.swift in Sources */ = {isa = PBXBuildFile; fileRef = D49AEBBA2C23E13500018036 /* BrowserModel.swift */; };
		D49AEBDF2C245FB000018036 /* SnapKit in Frameworks */ = {isa = PBXBuildFile; productRef = D49AEBDE2C245FB000018036 /* SnapKit */; };
		D49AEBE72C245FED00018036 /* Kingfisher in Frameworks */ = {isa = PBXBuildFile; productRef = D49AEBE62C245FED00018036 /* Kingfisher */; };
		D49AEBEA2C2460BC00018036 /* MusicCell.swift in Sources */ = {isa = PBXBuildFile; fileRef = D49AEBE92C2460BC00018036 /* MusicCell.swift */; };
		D49AEBEC2C2467E300018036 /* GenreCell.swift in Sources */ = {isa = PBXBuildFile; fileRef = D49AEBEB2C2467E300018036 /* GenreCell.swift */; };
		D49AEBEF2C25040900018036 /* TrackDetailModel.swift in Sources */ = {isa = PBXBuildFile; fileRef = D49AEBEE2C25040900018036 /* TrackDetailModel.swift */; };
		D49AEBF22C25306A00018036 /* Mock.json in Resources */ = {isa = PBXBuildFile; fileRef = D49AEBF02C25306A00018036 /* Mock.json */; };
		D4C077DF2C2576B10083A53F /* StandardHeaderView.swift in Sources */ = {isa = PBXBuildFile; fileRef = D4C077DE2C2576B10083A53F /* StandardHeaderView.swift */; };
		D4C077E12C25A4710083A53F /* VideoCell.swift in Sources */ = {isa = PBXBuildFile; fileRef = D4C077E02C25A4710083A53F /* VideoCell.swift */; };
		D4C077E32C265B5C0083A53F /* ChartHeaderView.swift in Sources */ = {isa = PBXBuildFile; fileRef = D4C077E22C265B5C0083A53F /* ChartHeaderView.swift */; };
		D4C077E52C2663E80083A53F /* ChartSectionBackgroundView.swift in Sources */ = {isa = PBXBuildFile; fileRef = D4C077E42C2663E80083A53F /* ChartSectionBackgroundView.swift */; };
		D4C077E82C267A1F0083A53F /* ChartModel.swift in Sources */ = {isa = PBXBuildFile; fileRef = D4C077E72C267A1F0083A53F /* ChartModel.swift */; };
		D4C077EA2C267A6B0083A53F /* SectionModel.swift in Sources */ = {isa = PBXBuildFile; fileRef = D4C077E92C267A6B0083A53F /* SectionModel.swift */; };
		D4C077ED2C267A9E0083A53F /* ProgramCategoryModel.swift in Sources */ = {isa = PBXBuildFile; fileRef = D4C077EC2C267A9E0083A53F /* ProgramCategoryModel.swift */; };
		D4C077F12C267AC20083A53F /* VideoModel.swift in Sources */ = {isa = PBXBuildFile; fileRef = D4C077F02C267AC20083A53F /* VideoModel.swift */; };
		D4C077F32C26800F0083A53F /* BrowserReactor.swift in Sources */ = {isa = PBXBuildFile; fileRef = D4C077F22C26800F0083A53F /* BrowserReactor.swift */; };
		D4C0781C2C26BF440083A53F /* RxCocoa in Frameworks */ = {isa = PBXBuildFile; productRef = D4C0781B2C26BF440083A53F /* RxCocoa */; };
		D4C0781F2C26BF780083A53F /* ReactorKit in Frameworks */ = {isa = PBXBuildFile; productRef = D4C0781E2C26BF780083A53F /* ReactorKit */; };
		D4C078222C26D0200083A53F /* PageIndicatorFooterView.swift in Sources */ = {isa = PBXBuildFile; fileRef = D4C078212C26D0200083A53F /* PageIndicatorFooterView.swift */; };
/* End PBXBuildFile section */

/* Begin PBXFileReference section */
		D49AEB8E2C21658D00018036 /* FLO.app */ = {isa = PBXFileReference; explicitFileType = wrapper.application; includeInIndex = 0; path = FLO.app; sourceTree = BUILT_PRODUCTS_DIR; };
		D49AEB912C21658D00018036 /* AppDelegate.swift */ = {isa = PBXFileReference; lastKnownFileType = sourcecode.swift; path = AppDelegate.swift; sourceTree = "<group>"; };
		D49AEB932C21658D00018036 /* SceneDelegate.swift */ = {isa = PBXFileReference; lastKnownFileType = sourcecode.swift; path = SceneDelegate.swift; sourceTree = "<group>"; };
		D49AEB952C21658D00018036 /* BrowserViewController.swift */ = {isa = PBXFileReference; lastKnownFileType = sourcecode.swift; path = BrowserViewController.swift; sourceTree = "<group>"; };
		D49AEB982C21658D00018036 /* Base */ = {isa = PBXFileReference; lastKnownFileType = file.storyboard; name = Base; path = Base.lproj/Main.storyboard; sourceTree = "<group>"; };
		D49AEB9A2C21658F00018036 /* Assets.xcassets */ = {isa = PBXFileReference; lastKnownFileType = folder.assetcatalog; path = Assets.xcassets; sourceTree = "<group>"; };
		D49AEB9D2C21658F00018036 /* Base */ = {isa = PBXFileReference; lastKnownFileType = file.storyboard; name = Base; path = Base.lproj/LaunchScreen.storyboard; sourceTree = "<group>"; };
		D49AEB9F2C21658F00018036 /* Info.plist */ = {isa = PBXFileReference; lastKnownFileType = text.plist.xml; path = Info.plist; sourceTree = "<group>"; };
		D49AEBA62C23B71800018036 /* MoyaProvider.swift */ = {isa = PBXFileReference; lastKnownFileType = sourcecode.swift; path = MoyaProvider.swift; sourceTree = "<group>"; };
		D49AEBB22C23B90B00018036 /* NetworkLoggerPlugin.swift */ = {isa = PBXFileReference; lastKnownFileType = sourcecode.swift; path = NetworkLoggerPlugin.swift; sourceTree = "<group>"; };
		D49AEBB42C23C9BC00018036 /* FLOAPI.swift */ = {isa = PBXFileReference; lastKnownFileType = sourcecode.swift; path = FLOAPI.swift; sourceTree = "<group>"; };
		D49AEBB62C23CE1B00018036 /* FLOError.swift */ = {isa = PBXFileReference; lastKnownFileType = sourcecode.swift; path = FLOError.swift; sourceTree = "<group>"; };
		D49AEBBA2C23E13500018036 /* BrowserModel.swift */ = {isa = PBXFileReference; lastKnownFileType = sourcecode.swift; path = BrowserModel.swift; sourceTree = "<group>"; };
		D49AEBE92C2460BC00018036 /* MusicCell.swift */ = {isa = PBXFileReference; lastKnownFileType = sourcecode.swift; path = MusicCell.swift; sourceTree = "<group>"; };
		D49AEBEB2C2467E300018036 /* GenreCell.swift */ = {isa = PBXFileReference; lastKnownFileType = sourcecode.swift; path = GenreCell.swift; sourceTree = "<group>"; };
		D49AEBEE2C25040900018036 /* TrackDetailModel.swift */ = {isa = PBXFileReference; lastKnownFileType = sourcecode.swift; path = TrackDetailModel.swift; sourceTree = "<group>"; };
		D49AEBF12C25306A00018036 /* en */ = {isa = PBXFileReference; lastKnownFileType = text.json; name = en; path = en.lproj/Mock.json; sourceTree = "<group>"; };
		D4C077DE2C2576B10083A53F /* StandardHeaderView.swift */ = {isa = PBXFileReference; lastKnownFileType = sourcecode.swift; path = StandardHeaderView.swift; sourceTree = "<group>"; };
		D4C077E02C25A4710083A53F /* VideoCell.swift */ = {isa = PBXFileReference; lastKnownFileType = sourcecode.swift; path = VideoCell.swift; sourceTree = "<group>"; };
		D4C077E22C265B5C0083A53F /* ChartHeaderView.swift */ = {isa = PBXFileReference; lastKnownFileType = sourcecode.swift; path = ChartHeaderView.swift; sourceTree = "<group>"; };
		D4C077E42C2663E80083A53F /* ChartSectionBackgroundView.swift */ = {isa = PBXFileReference; lastKnownFileType = sourcecode.swift; path = ChartSectionBackgroundView.swift; sourceTree = "<group>"; };
		D4C077E72C267A1F0083A53F /* ChartModel.swift */ = {isa = PBXFileReference; lastKnownFileType = sourcecode.swift; path = ChartModel.swift; sourceTree = "<group>"; };
		D4C077E92C267A6B0083A53F /* SectionModel.swift */ = {isa = PBXFileReference; lastKnownFileType = sourcecode.swift; path = SectionModel.swift; sourceTree = "<group>"; };
		D4C077EC2C267A9E0083A53F /* ProgramCategoryModel.swift */ = {isa = PBXFileReference; lastKnownFileType = sourcecode.swift; path = ProgramCategoryModel.swift; sourceTree = "<group>"; };
		D4C077F02C267AC20083A53F /* VideoModel.swift */ = {isa = PBXFileReference; lastKnownFileType = sourcecode.swift; path = VideoModel.swift; sourceTree = "<group>"; };
		D4C077F22C26800F0083A53F /* BrowserReactor.swift */ = {isa = PBXFileReference; lastKnownFileType = sourcecode.swift; path = BrowserReactor.swift; sourceTree = "<group>"; };
		D4C078212C26D0200083A53F /* PageIndicatorFooterView.swift */ = {isa = PBXFileReference; lastKnownFileType = sourcecode.swift; path = PageIndicatorFooterView.swift; sourceTree = "<group>"; };
/* End PBXFileReference section */

/* Begin PBXFrameworksBuildPhase section */
		D49AEB8B2C21658D00018036 /* Frameworks */ = {
			isa = PBXFrameworksBuildPhase;
			buildActionMask = 2147483647;
			files = (
				D49AEBAD2C23B82000018036 /* Moya in Frameworks */,
				D49AEBAB2C23B82000018036 /* CombineMoya in Frameworks */,
				D4C0781F2C26BF780083A53F /* ReactorKit in Frameworks */,
				D49AEBB12C23B82000018036 /* RxMoya in Frameworks */,
				D4C0781C2C26BF440083A53F /* RxCocoa in Frameworks */,
				D49AEBE72C245FED00018036 /* Kingfisher in Frameworks */,
				D49AEBAF2C23B82000018036 /* ReactiveMoya in Frameworks */,
				D49AEBDF2C245FB000018036 /* SnapKit in Frameworks */,
			);
			runOnlyForDeploymentPostprocessing = 0;
		};
/* End PBXFrameworksBuildPhase section */

/* Begin PBXGroup section */
		D49AEB852C21658D00018036 = {
			isa = PBXGroup;
			children = (
				D49AEB902C21658D00018036 /* FLO */,
				D49AEB8F2C21658D00018036 /* Products */,
				D49AEBA92C23B82000018036 /* Frameworks */,
			);
			sourceTree = "<group>";
		};
		D49AEB8F2C21658D00018036 /* Products */ = {
			isa = PBXGroup;
			children = (
				D49AEB8E2C21658D00018036 /* FLO.app */,
			);
			name = Products;
			sourceTree = "<group>";
		};
		D49AEB902C21658D00018036 /* FLO */ = {
			isa = PBXGroup;
			children = (
				D49AEBED2C2503F500018036 /* Models */,
				D49AEBB82C23DA6300018036 /* Presentation */,
				D49AEBA52C23B70B00018036 /* Network */,
				D49AEB912C21658D00018036 /* AppDelegate.swift */,
				D49AEB932C21658D00018036 /* SceneDelegate.swift */,
				D49AEB972C21658D00018036 /* Main.storyboard */,
				D49AEB9A2C21658F00018036 /* Assets.xcassets */,
				D49AEB9C2C21658F00018036 /* LaunchScreen.storyboard */,
				D49AEB9F2C21658F00018036 /* Info.plist */,
				D49AEBF02C25306A00018036 /* Mock.json */,
			);
			path = FLO;
			sourceTree = "<group>";
		};
		D49AEBA52C23B70B00018036 /* Network */ = {
			isa = PBXGroup;
			children = (
				D49AEBBC2C23EDE500018036 /* Moya + Extension */,
				D49AEBB42C23C9BC00018036 /* FLOAPI.swift */,
				D49AEBB62C23CE1B00018036 /* FLOError.swift */,
			);
			path = Network;
			sourceTree = "<group>";
		};
		D49AEBA92C23B82000018036 /* Frameworks */ = {
			isa = PBXGroup;
			children = (
			);
			name = Frameworks;
			sourceTree = "<group>";
		};
		D49AEBB82C23DA6300018036 /* Presentation */ = {
			isa = PBXGroup;
			children = (
				D49AEBB92C23DFF700018036 /* Browser */,
			);
			path = Presentation;
			sourceTree = "<group>";
		};
		D49AEBB92C23DFF700018036 /* Browser */ = {
			isa = PBXGroup;
			children = (
				D49AEBE82C24607600018036 /* Cells */,
				D4C077F22C26800F0083A53F /* BrowserReactor.swift */,
				D49AEB952C21658D00018036 /* BrowserViewController.swift */,
			);
			path = Browser;
			sourceTree = "<group>";
		};
		D49AEBBC2C23EDE500018036 /* Moya + Extension */ = {
			isa = PBXGroup;
			children = (
				D49AEBA62C23B71800018036 /* MoyaProvider.swift */,
				D49AEBB22C23B90B00018036 /* NetworkLoggerPlugin.swift */,
			);
			path = "Moya + Extension";
			sourceTree = "<group>";
		};
		D49AEBE82C24607600018036 /* Cells */ = {
			isa = PBXGroup;
			children = (
				D49AEBE92C2460BC00018036 /* MusicCell.swift */,
				D49AEBEB2C2467E300018036 /* GenreCell.swift */,
				D4C077DE2C2576B10083A53F /* StandardHeaderView.swift */,
				D4C077E02C25A4710083A53F /* VideoCell.swift */,
				D4C077E22C265B5C0083A53F /* ChartHeaderView.swift */,
				D4C077E42C2663E80083A53F /* ChartSectionBackgroundView.swift */,
				D4C078212C26D0200083A53F /* PageIndicatorFooterView.swift */,
			);
			path = Cells;
			sourceTree = "<group>";
		};
		D49AEBED2C2503F500018036 /* Models */ = {
			isa = PBXGroup;
			children = (
				D4C077E62C267A120083A53F /* HomeModel */,
				D49AEBEE2C25040900018036 /* TrackDetailModel.swift */,
			);
			path = Models;
			sourceTree = "<group>";
		};
		D4C077E62C267A120083A53F /* HomeModel */ = {
			isa = PBXGroup;
			children = (
				D49AEBBA2C23E13500018036 /* BrowserModel.swift */,
				D4C077E72C267A1F0083A53F /* ChartModel.swift */,
				D4C077E92C267A6B0083A53F /* SectionModel.swift */,
				D4C077EC2C267A9E0083A53F /* ProgramCategoryModel.swift */,
				D4C077F02C267AC20083A53F /* VideoModel.swift */,
			);
			path = HomeModel;
			sourceTree = "<group>";
		};
/* End PBXGroup section */

/* Begin PBXNativeTarget section */
		D49AEB8D2C21658D00018036 /* FLO */ = {
			isa = PBXNativeTarget;
			buildConfigurationList = D49AEBA22C21658F00018036 /* Build configuration list for PBXNativeTarget "FLO" */;
			buildPhases = (
				D49AEB8A2C21658D00018036 /* Sources */,
				D49AEB8B2C21658D00018036 /* Frameworks */,
				D49AEB8C2C21658D00018036 /* Resources */,
			);
			buildRules = (
			);
			dependencies = (
			);
			name = FLO;
			packageProductDependencies = (
				D49AEBAA2C23B82000018036 /* CombineMoya */,
				D49AEBAC2C23B82000018036 /* Moya */,
				D49AEBAE2C23B82000018036 /* ReactiveMoya */,
				D49AEBB02C23B82000018036 /* RxMoya */,
				D49AEBDE2C245FB000018036 /* SnapKit */,
				D49AEBE62C245FED00018036 /* Kingfisher */,
				D4C0781B2C26BF440083A53F /* RxCocoa */,
				D4C0781E2C26BF780083A53F /* ReactorKit */,
			);
			productName = FLO;
			productReference = D49AEB8E2C21658D00018036 /* FLO.app */;
			productType = "com.apple.product-type.application";
		};
/* End PBXNativeTarget section */

/* Begin PBXProject section */
		D49AEB862C21658D00018036 /* Project object */ = {
			isa = PBXProject;
			attributes = {
				BuildIndependentTargetsInParallel = 1;
				LastSwiftUpdateCheck = 1540;
				LastUpgradeCheck = 1540;
				TargetAttributes = {
					D49AEB8D2C21658D00018036 = {
						CreatedOnToolsVersion = 15.4;
					};
				};
			};
			buildConfigurationList = D49AEB892C21658D00018036 /* Build configuration list for PBXProject "FLO" */;
			compatibilityVersion = "Xcode 14.0";
			developmentRegion = en;
			hasScannedForEncodings = 0;
			knownRegions = (
				en,
				Base,
			);
			mainGroup = D49AEB852C21658D00018036;
			packageReferences = (
				D49AEBA82C23B74800018036 /* XCRemoteSwiftPackageReference "Moya" */,
				D49AEBDD2C245FAF00018036 /* XCRemoteSwiftPackageReference "SnapKit" */,
				D49AEBE52C245FED00018036 /* XCRemoteSwiftPackageReference "Kingfisher" */,
				D4C0781A2C26BF270083A53F /* XCRemoteSwiftPackageReference "RxSwift" */,
				D4C0781D2C26BF780083A53F /* XCRemoteSwiftPackageReference "ReactorKit" */,
			);
			productRefGroup = D49AEB8F2C21658D00018036 /* Products */;
			projectDirPath = "";
			projectRoot = "";
			targets = (
				D49AEB8D2C21658D00018036 /* FLO */,
			);
		};
/* End PBXProject section */

/* Begin PBXResourcesBuildPhase section */
		D49AEB8C2C21658D00018036 /* Resources */ = {
			isa = PBXResourcesBuildPhase;
			buildActionMask = 2147483647;
			files = (
				D49AEB9B2C21658F00018036 /* Assets.xcassets in Resources */,
				D49AEB9E2C21658F00018036 /* Base in Resources */,
				D49AEB992C21658D00018036 /* Base in Resources */,
				D49AEBF22C25306A00018036 /* Mock.json in Resources */,
			);
			runOnlyForDeploymentPostprocessing = 0;
		};
/* End PBXResourcesBuildPhase section */

/* Begin PBXSourcesBuildPhase section */
		D49AEB8A2C21658D00018036 /* Sources */ = {
			isa = PBXSourcesBuildPhase;
			buildActionMask = 2147483647;
			files = (
				D49AEB962C21658D00018036 /* BrowserViewController.swift in Sources */,
				D4C077F32C26800F0083A53F /* BrowserReactor.swift in Sources */,
				D49AEBB72C23CE1B00018036 /* FLOError.swift in Sources */,
				D4C077ED2C267A9E0083A53F /* ProgramCategoryModel.swift in Sources */,
				D4C077DF2C2576B10083A53F /* StandardHeaderView.swift in Sources */,
				D4C077E32C265B5C0083A53F /* ChartHeaderView.swift in Sources */,
				D4C078222C26D0200083A53F /* PageIndicatorFooterView.swift in Sources */,
				D49AEBEA2C2460BC00018036 /* MusicCell.swift in Sources */,
				D49AEBEF2C25040900018036 /* TrackDetailModel.swift in Sources */,
				D49AEBEC2C2467E300018036 /* GenreCell.swift in Sources */,
				D49AEBBB2C23E13500018036 /* BrowserModel.swift in Sources */,
				D4C077E12C25A4710083A53F /* VideoCell.swift in Sources */,
				D49AEB922C21658D00018036 /* AppDelegate.swift in Sources */,
				D4C077F12C267AC20083A53F /* VideoModel.swift in Sources */,
				D49AEBB52C23C9BC00018036 /* FLOAPI.swift in Sources */,
				D49AEBB32C23B90B00018036 /* NetworkLoggerPlugin.swift in Sources */,
				D49AEBA72C23B71800018036 /* MoyaProvider.swift in Sources */,
				D4C077E52C2663E80083A53F /* ChartSectionBackgroundView.swift in Sources */,
				D4C077E82C267A1F0083A53F /* ChartModel.swift in Sources */,
				D4C077EA2C267A6B0083A53F /* SectionModel.swift in Sources */,
				D49AEB942C21658D00018036 /* SceneDelegate.swift in Sources */,
			);
			runOnlyForDeploymentPostprocessing = 0;
		};
/* End PBXSourcesBuildPhase section */

/* Begin PBXVariantGroup section */
		D49AEB972C21658D00018036 /* Main.storyboard */ = {
			isa = PBXVariantGroup;
			children = (
				D49AEB982C21658D00018036 /* Base */,
			);
			name = Main.storyboard;
			sourceTree = "<group>";
		};
		D49AEB9C2C21658F00018036 /* LaunchScreen.storyboard */ = {
			isa = PBXVariantGroup;
			children = (
				D49AEB9D2C21658F00018036 /* Base */,
			);
			name = LaunchScreen.storyboard;
			sourceTree = "<group>";
		};
		D49AEBF02C25306A00018036 /* Mock.json */ = {
			isa = PBXVariantGroup;
			children = (
				D49AEBF12C25306A00018036 /* en */,
			);
			name = Mock.json;
			sourceTree = "<group>";
		};
/* End PBXVariantGroup section */

/* Begin XCBuildConfiguration section */
		D49AEBA02C21658F00018036 /* Debug */ = {
			isa = XCBuildConfiguration;
			buildSettings = {
				ALWAYS_SEARCH_USER_PATHS = NO;
				ASSETCATALOG_COMPILER_GENERATE_SWIFT_ASSET_SYMBOL_EXTENSIONS = YES;
				CLANG_ANALYZER_NONNULL = YES;
				CLANG_ANALYZER_NUMBER_OBJECT_CONVERSION = YES_AGGRESSIVE;
				CLANG_CXX_LANGUAGE_STANDARD = "gnu++20";
				CLANG_ENABLE_MODULES = YES;
				CLANG_ENABLE_OBJC_ARC = YES;
				CLANG_ENABLE_OBJC_WEAK = YES;
				CLANG_WARN_BLOCK_CAPTURE_AUTORELEASING = YES;
				CLANG_WARN_BOOL_CONVERSION = YES;
				CLANG_WARN_COMMA = YES;
				CLANG_WARN_CONSTANT_CONVERSION = YES;
				CLANG_WARN_DEPRECATED_OBJC_IMPLEMENTATIONS = YES;
				CLANG_WARN_DIRECT_OBJC_ISA_USAGE = YES_ERROR;
				CLANG_WARN_DOCUMENTATION_COMMENTS = YES;
				CLANG_WARN_EMPTY_BODY = YES;
				CLANG_WARN_ENUM_CONVERSION = YES;
				CLANG_WARN_INFINITE_RECURSION = YES;
				CLANG_WARN_INT_CONVERSION = YES;
				CLANG_WARN_NON_LITERAL_NULL_CONVERSION = YES;
				CLANG_WARN_OBJC_IMPLICIT_RETAIN_SELF = YES;
				CLANG_WARN_OBJC_LITERAL_CONVERSION = YES;
				CLANG_WARN_OBJC_ROOT_CLASS = YES_ERROR;
				CLANG_WARN_QUOTED_INCLUDE_IN_FRAMEWORK_HEADER = YES;
				CLANG_WARN_RANGE_LOOP_ANALYSIS = YES;
				CLANG_WARN_STRICT_PROTOTYPES = YES;
				CLANG_WARN_SUSPICIOUS_MOVE = YES;
				CLANG_WARN_UNGUARDED_AVAILABILITY = YES_AGGRESSIVE;
				CLANG_WARN_UNREACHABLE_CODE = YES;
				CLANG_WARN__DUPLICATE_METHOD_MATCH = YES;
				COPY_PHASE_STRIP = NO;
				DEBUG_INFORMATION_FORMAT = dwarf;
				ENABLE_STRICT_OBJC_MSGSEND = YES;
				ENABLE_TESTABILITY = YES;
				ENABLE_USER_SCRIPT_SANDBOXING = YES;
				GCC_C_LANGUAGE_STANDARD = gnu17;
				GCC_DYNAMIC_NO_PIC = NO;
				GCC_NO_COMMON_BLOCKS = YES;
				GCC_OPTIMIZATION_LEVEL = 0;
				GCC_PREPROCESSOR_DEFINITIONS = (
					"DEBUG=1",
					"$(inherited)",
				);
				GCC_WARN_64_TO_32_BIT_CONVERSION = YES;
				GCC_WARN_ABOUT_RETURN_TYPE = YES_ERROR;
				GCC_WARN_UNDECLARED_SELECTOR = YES;
				GCC_WARN_UNINITIALIZED_AUTOS = YES_AGGRESSIVE;
				GCC_WARN_UNUSED_FUNCTION = YES;
				GCC_WARN_UNUSED_VARIABLE = YES;
				IPHONEOS_DEPLOYMENT_TARGET = 17.5;
				LOCALIZATION_PREFERS_STRING_CATALOGS = YES;
				MTL_ENABLE_DEBUG_INFO = INCLUDE_SOURCE;
				MTL_FAST_MATH = YES;
				ONLY_ACTIVE_ARCH = YES;
				SDKROOT = iphoneos;
				SWIFT_ACTIVE_COMPILATION_CONDITIONS = "DEBUG $(inherited)";
				SWIFT_OPTIMIZATION_LEVEL = "-Onone";
			};
			name = Debug;
		};
		D49AEBA12C21658F00018036 /* Release */ = {
			isa = XCBuildConfiguration;
			buildSettings = {
				ALWAYS_SEARCH_USER_PATHS = NO;
				ASSETCATALOG_COMPILER_GENERATE_SWIFT_ASSET_SYMBOL_EXTENSIONS = YES;
				CLANG_ANALYZER_NONNULL = YES;
				CLANG_ANALYZER_NUMBER_OBJECT_CONVERSION = YES_AGGRESSIVE;
				CLANG_CXX_LANGUAGE_STANDARD = "gnu++20";
				CLANG_ENABLE_MODULES = YES;
				CLANG_ENABLE_OBJC_ARC = YES;
				CLANG_ENABLE_OBJC_WEAK = YES;
				CLANG_WARN_BLOCK_CAPTURE_AUTORELEASING = YES;
				CLANG_WARN_BOOL_CONVERSION = YES;
				CLANG_WARN_COMMA = YES;
				CLANG_WARN_CONSTANT_CONVERSION = YES;
				CLANG_WARN_DEPRECATED_OBJC_IMPLEMENTATIONS = YES;
				CLANG_WARN_DIRECT_OBJC_ISA_USAGE = YES_ERROR;
				CLANG_WARN_DOCUMENTATION_COMMENTS = YES;
				CLANG_WARN_EMPTY_BODY = YES;
				CLANG_WARN_ENUM_CONVERSION = YES;
				CLANG_WARN_INFINITE_RECURSION = YES;
				CLANG_WARN_INT_CONVERSION = YES;
				CLANG_WARN_NON_LITERAL_NULL_CONVERSION = YES;
				CLANG_WARN_OBJC_IMPLICIT_RETAIN_SELF = YES;
				CLANG_WARN_OBJC_LITERAL_CONVERSION = YES;
				CLANG_WARN_OBJC_ROOT_CLASS = YES_ERROR;
				CLANG_WARN_QUOTED_INCLUDE_IN_FRAMEWORK_HEADER = YES;
				CLANG_WARN_RANGE_LOOP_ANALYSIS = YES;
				CLANG_WARN_STRICT_PROTOTYPES = YES;
				CLANG_WARN_SUSPICIOUS_MOVE = YES;
				CLANG_WARN_UNGUARDED_AVAILABILITY = YES_AGGRESSIVE;
				CLANG_WARN_UNREACHABLE_CODE = YES;
				CLANG_WARN__DUPLICATE_METHOD_MATCH = YES;
				COPY_PHASE_STRIP = NO;
				DEBUG_INFORMATION_FORMAT = "dwarf-with-dsym";
				ENABLE_NS_ASSERTIONS = NO;
				ENABLE_STRICT_OBJC_MSGSEND = YES;
				ENABLE_USER_SCRIPT_SANDBOXING = YES;
				GCC_C_LANGUAGE_STANDARD = gnu17;
				GCC_NO_COMMON_BLOCKS = YES;
				GCC_WARN_64_TO_32_BIT_CONVERSION = YES;
				GCC_WARN_ABOUT_RETURN_TYPE = YES_ERROR;
				GCC_WARN_UNDECLARED_SELECTOR = YES;
				GCC_WARN_UNINITIALIZED_AUTOS = YES_AGGRESSIVE;
				GCC_WARN_UNUSED_FUNCTION = YES;
				GCC_WARN_UNUSED_VARIABLE = YES;
				IPHONEOS_DEPLOYMENT_TARGET = 17.5;
				LOCALIZATION_PREFERS_STRING_CATALOGS = YES;
				MTL_ENABLE_DEBUG_INFO = NO;
				MTL_FAST_MATH = YES;
				SDKROOT = iphoneos;
				SWIFT_COMPILATION_MODE = wholemodule;
				VALIDATE_PRODUCT = YES;
			};
			name = Release;
		};
		D49AEBA32C21658F00018036 /* Debug */ = {
			isa = XCBuildConfiguration;
			buildSettings = {
				ASSETCATALOG_COMPILER_APPICON_NAME = AppIcon;
				ASSETCATALOG_COMPILER_GLOBAL_ACCENT_COLOR_NAME = AccentColor;
				CODE_SIGN_STYLE = Automatic;
				CURRENT_PROJECT_VERSION = 1;
				DEVELOPMENT_TEAM = 547KV58FND;
				GENERATE_INFOPLIST_FILE = YES;
				INFOPLIST_FILE = FLO/Info.plist;
				INFOPLIST_KEY_UIApplicationSupportsIndirectInputEvents = YES;
				INFOPLIST_KEY_UILaunchStoryboardName = LaunchScreen;
				INFOPLIST_KEY_UIMainStoryboardFile = Main;
				INFOPLIST_KEY_UISupportedInterfaceOrientations_iPad = "UIInterfaceOrientationPortrait UIInterfaceOrientationPortraitUpsideDown UIInterfaceOrientationLandscapeLeft UIInterfaceOrientationLandscapeRight";
				INFOPLIST_KEY_UISupportedInterfaceOrientations_iPhone = "UIInterfaceOrientationPortrait UIInterfaceOrientationLandscapeLeft UIInterfaceOrientationLandscapeRight";
				LD_RUNPATH_SEARCH_PATHS = (
					"$(inherited)",
					"@executable_path/Frameworks",
				);
				MARKETING_VERSION = 1.0;
				PRODUCT_BUNDLE_IDENTIFIER = com.FLO.youngmin;
				PRODUCT_NAME = "$(TARGET_NAME)";
				SWIFT_EMIT_LOC_STRINGS = YES;
				SWIFT_VERSION = 5.0;
				TARGETED_DEVICE_FAMILY = "1,2";
			};
			name = Debug;
		};
		D49AEBA42C21658F00018036 /* Release */ = {
			isa = XCBuildConfiguration;
			buildSettings = {
				ASSETCATALOG_COMPILER_APPICON_NAME = AppIcon;
				ASSETCATALOG_COMPILER_GLOBAL_ACCENT_COLOR_NAME = AccentColor;
				CODE_SIGN_STYLE = Automatic;
				CURRENT_PROJECT_VERSION = 1;
				DEVELOPMENT_TEAM = 547KV58FND;
				GENERATE_INFOPLIST_FILE = YES;
				INFOPLIST_FILE = FLO/Info.plist;
				INFOPLIST_KEY_UIApplicationSupportsIndirectInputEvents = YES;
				INFOPLIST_KEY_UILaunchStoryboardName = LaunchScreen;
				INFOPLIST_KEY_UIMainStoryboardFile = Main;
				INFOPLIST_KEY_UISupportedInterfaceOrientations_iPad = "UIInterfaceOrientationPortrait UIInterfaceOrientationPortraitUpsideDown UIInterfaceOrientationLandscapeLeft UIInterfaceOrientationLandscapeRight";
				INFOPLIST_KEY_UISupportedInterfaceOrientations_iPhone = "UIInterfaceOrientationPortrait UIInterfaceOrientationLandscapeLeft UIInterfaceOrientationLandscapeRight";
				LD_RUNPATH_SEARCH_PATHS = (
					"$(inherited)",
					"@executable_path/Frameworks",
				);
				MARKETING_VERSION = 1.0;
				PRODUCT_BUNDLE_IDENTIFIER = com.FLO.youngmin;
				PRODUCT_NAME = "$(TARGET_NAME)";
				SWIFT_EMIT_LOC_STRINGS = YES;
				SWIFT_VERSION = 5.0;
				TARGETED_DEVICE_FAMILY = "1,2";
			};
			name = Release;
		};
/* End XCBuildConfiguration section */

/* Begin XCConfigurationList section */
		D49AEB892C21658D00018036 /* Build configuration list for PBXProject "FLO" */ = {
			isa = XCConfigurationList;
			buildConfigurations = (
				D49AEBA02C21658F00018036 /* Debug */,
				D49AEBA12C21658F00018036 /* Release */,
			);
			defaultConfigurationIsVisible = 0;
			defaultConfigurationName = Release;
		};
		D49AEBA22C21658F00018036 /* Build configuration list for PBXNativeTarget "FLO" */ = {
			isa = XCConfigurationList;
			buildConfigurations = (
				D49AEBA32C21658F00018036 /* Debug */,
				D49AEBA42C21658F00018036 /* Release */,
			);
			defaultConfigurationIsVisible = 0;
			defaultConfigurationName = Release;
		};
/* End XCConfigurationList section */

/* Begin XCRemoteSwiftPackageReference section */
		D49AEBA82C23B74800018036 /* XCRemoteSwiftPackageReference "Moya" */ = {
			isa = XCRemoteSwiftPackageReference;
			repositoryURL = "https://github.com/Moya/Moya.git";
			requirement = {
				kind = upToNextMajorVersion;
				minimumVersion = 15.0.3;
			};
		};
		D49AEBDD2C245FAF00018036 /* XCRemoteSwiftPackageReference "SnapKit" */ = {
			isa = XCRemoteSwiftPackageReference;
			repositoryURL = "https://github.com/SnapKit/SnapKit.git";
			requirement = {
				kind = upToNextMajorVersion;
				minimumVersion = 5.7.1;
			};
		};
		D49AEBE52C245FED00018036 /* XCRemoteSwiftPackageReference "Kingfisher" */ = {
			isa = XCRemoteSwiftPackageReference;
			repositoryURL = "https://github.com/onevcat/Kingfisher.git";
			requirement = {
				kind = upToNextMajorVersion;
				minimumVersion = 7.12.0;
			};
		};
		D4C0781A2C26BF270083A53F /* XCRemoteSwiftPackageReference "RxSwift" */ = {
			isa = XCRemoteSwiftPackageReference;
			repositoryURL = "https://github.com/ReactiveX/RxSwift.git";
			requirement = {
				kind = upToNextMajorVersion;
				minimumVersion = 6.7.1;
			};
		};
		D4C0781D2C26BF780083A53F /* XCRemoteSwiftPackageReference "ReactorKit" */ = {
			isa = XCRemoteSwiftPackageReference;
			repositoryURL = "https://github.com/ReactorKit/ReactorKit.git";
			requirement = {
				kind = upToNextMajorVersion;
				minimumVersion = 3.2.0;
			};
		};
/* End XCRemoteSwiftPackageReference section */

/* Begin XCSwiftPackageProductDependency section */
		D49AEBAA2C23B82000018036 /* CombineMoya */ = {
			isa = XCSwiftPackageProductDependency;
			package = D49AEBA82C23B74800018036 /* XCRemoteSwiftPackageReference "Moya" */;
			productName = CombineMoya;
		};
		D49AEBAC2C23B82000018036 /* Moya */ = {
			isa = XCSwiftPackageProductDependency;
			package = D49AEBA82C23B74800018036 /* XCRemoteSwiftPackageReference "Moya" */;
			productName = Moya;
		};
		D49AEBAE2C23B82000018036 /* ReactiveMoya */ = {
			isa = XCSwiftPackageProductDependency;
			package = D49AEBA82C23B74800018036 /* XCRemoteSwiftPackageReference "Moya" */;
			productName = ReactiveMoya;
		};
		D49AEBB02C23B82000018036 /* RxMoya */ = {
			isa = XCSwiftPackageProductDependency;
			package = D49AEBA82C23B74800018036 /* XCRemoteSwiftPackageReference "Moya" */;
			productName = RxMoya;
		};
		D49AEBDE2C245FB000018036 /* SnapKit */ = {
			isa = XCSwiftPackageProductDependency;
			package = D49AEBDD2C245FAF00018036 /* XCRemoteSwiftPackageReference "SnapKit" */;
			productName = SnapKit;
		};
		D49AEBE62C245FED00018036 /* Kingfisher */ = {
			isa = XCSwiftPackageProductDependency;
			package = D49AEBE52C245FED00018036 /* XCRemoteSwiftPackageReference "Kingfisher" */;
			productName = Kingfisher;
		};
		D4C0781B2C26BF440083A53F /* RxCocoa */ = {
			isa = XCSwiftPackageProductDependency;
			package = D4C0781A2C26BF270083A53F /* XCRemoteSwiftPackageReference "RxSwift" */;
			productName = RxCocoa;
		};
		D4C0781E2C26BF780083A53F /* ReactorKit */ = {
			isa = XCSwiftPackageProductDependency;
			package = D4C0781D2C26BF780083A53F /* XCRemoteSwiftPackageReference "ReactorKit" */;
			productName = ReactorKit;
		};
/* End XCSwiftPackageProductDependency section */
	};
	rootObject = D49AEB862C21658D00018036 /* Project object */;
}
